{
    "_readme": [
        "This file locks the dependencies of your project to a known state",
        "Read more about it at https://getcomposer.org/doc/01-basic-usage.md#installing-dependencies",
        "This file is @generated automatically"
    ],
    "content-hash": "8ae87d9ccb8cda0e9f6bcfb2593f0294",
    "packages": [
        {
            "name": "cratia/common-functions",
            "version": "0.2.1",
            "source": {
                "type": "git",
                "url": "https://github.com/carlos-ratia/common-functions.git",
                "reference": "9c1e58836721db08e33d2eaa3f7a0a0bd1b95c67"
            },
            "dist": {
                "type": "zip",
                "url": "https://api.github.com/repos/carlos-ratia/common-functions/zipball/9c1e58836721db08e33d2eaa3f7a0a0bd1b95c67",
                "reference": "9c1e58836721db08e33d2eaa3f7a0a0bd1b95c67",
                "shasum": ""
            },
            "require-dev": {
                "phpunit/phpunit": "^9.0"
            },
            "type": "library",
            "autoload": {
                "classmap": [
                    "src/"
                ],
                "psr-4": {
                    "Cratia\\Common\\": "src/"
                }
            },
            "notification-url": "https://packagist.org/downloads/",
            "license": [
                "MIT"
            ],
            "authors": [
                {
                    "name": "Carlos Ratia",
                    "email": "cratia.github@gmail.com"
                }
            ],
            "description": "Common Functions",
            "time": "2020-02-26T19:34:39+00:00"
        }
    ],
    "packages-dev": [],
    "aliases": [],
    "minimum-stability": "stable",
    "stability-flags": [],
    "prefer-stable": false,
    "prefer-lowest": false,
    "platform": [],
    "platform-dev": []
}
